
Microsoft Visual Studio Solution File, Format Version 12.00
# Visual Studio 14
VisualStudioVersion = 14.0.25420.1
MinimumVisualStudioVersion = 10.0.40219.1
Project("{FAE04EC0-301F-11D3-BF4B-00C04F79EFBC}") = "EmployeePages", "EmployeePages\EmployeePages.csproj", "{B7A11B7B-C7AE-4C8B-83AC-507FE2C1A246}"
EndProject
Project("{FAE04EC0-301F-11D3-BF4B-00C04F79EFBC}") = "EmployeePages.Tests", "EmployeePages.Tests\EmployeePages.Tests.csproj", "{C87F8E16-FEAA-41A6-9389-B0BBFD0160A0}"
EndProject
Global
	GlobalSection(SolutionConfigurationPlatforms) = preSolution
		Debug|Any CPU = Debug|Any CPU
		Release|Any CPU = Release|Any CPU
	EndGlobalSection
	GlobalSection(ProjectConfigurationPlatforms) = postSolution
		{B7A11B7B-C7AE-4C8B-83AC-507FE2C1A246}.Debug|Any CPU.ActiveCfg = Debug|Any CPU
		{B7A11B7B-C7AE-4C8B-83AC-507FE2C1A246}.Debug|Any CPU.Build.0 = Debug|Any CPU
		{B7A11B7B-C7AE-4C8B-83AC-507FE2C1A246}.Release|Any CPU.ActiveCfg = Release|Any CPU
		{B7A11B7B-C7AE-4C8B-83AC-507FE2C1A246}.Release|Any CPU.Build.0 = Release|Any CPU
		{C87F8E16-FEAA-41A6-9389-B0BBFD0160A0}.Debug|Any CPU.ActiveCfg = Debug|Any CPU
		{C87F8E16-FEAA-41A6-9389-B0BBFD0160A0}.Debug|Any CPU.Build.0 = Debug|Any CPU
		{C87F8E16-FEAA-41A6-9389-B0BBFD0160A0}.Release|Any CPU.ActiveCfg = Release|Any CPU
		{C87F8E16-FEAA-41A6-9389-B0BBFD0160A0}.Release|Any CPU.Build.0 = Release|Any CPU
	EndGlobalSection
	GlobalSection(SolutionProperties) = preSolution
		HideSolutionNode = FALSE
	EndGlobalSection
EndGlobal
